// !$*UTF8*$!
{
	archiveVersion = 1;
	classes = {
	};
	objectVersion = 50;
	objects = {

/* Begin PBXBuildFile section */
		D308979C23B2A25400126F50 /* CodableSecureStorageTests.swift in Sources */ = {isa = PBXBuildFile; fileRef = D308979B23B2A25400126F50 /* CodableSecureStorageTests.swift */; };
		D32430D123B94B250049EBF0 /* CredentialsAdapterTests.swift in Sources */ = {isa = PBXBuildFile; fileRef = D32430D023B94B250049EBF0 /* CredentialsAdapterTests.swift */; };
		D32430D423B9F43E0049EBF0 /* RequestsAdapterTests.swift in Sources */ = {isa = PBXBuildFile; fileRef = D32430D323B9F43E0049EBF0 /* RequestsAdapterTests.swift */; };
		D32430D823B9F7160049EBF0 /* AuthenticationTests.swift in Sources */ = {isa = PBXBuildFile; fileRef = D32430D723B9F7160049EBF0 /* AuthenticationTests.swift */; };
		D32430DC23B9FBF30049EBF0 /* AuthenticationViewModelTests.swift in Sources */ = {isa = PBXBuildFile; fileRef = D32430DB23B9FBF30049EBF0 /* AuthenticationViewModelTests.swift */; };
		D32430DE23B9FDE70049EBF0 /* RequestsPortDummy.swift in Sources */ = {isa = PBXBuildFile; fileRef = D32430DD23B9FDE70049EBF0 /* RequestsPortDummy.swift */; };
		D32430E023B9FE050049EBF0 /* CredentialsPortDummy.swift in Sources */ = {isa = PBXBuildFile; fileRef = D32430DF23B9FE050049EBF0 /* CredentialsPortDummy.swift */; };
		D32430E223B9FEC80049EBF0 /* AuthenticationDummyPort.swift in Sources */ = {isa = PBXBuildFile; fileRef = D32430E123B9FEC80049EBF0 /* AuthenticationDummyPort.swift */; };
		D338EA4A23B3EAA30071E675 /* SecureStorage.swift in Sources */ = {isa = PBXBuildFile; fileRef = D338EA4923B3EAA30071E675 /* SecureStorage.swift */; };
		D33DD77C23B3ECF400A01191 /* AuthenticationPort.swift in Sources */ = {isa = PBXBuildFile; fileRef = D33DD77B23B3ECF400A01191 /* AuthenticationPort.swift */; };
		D33DD77E23B3EDCB00A01191 /* RequestsAdapter.swift in Sources */ = {isa = PBXBuildFile; fileRef = D33DD77D23B3EDCB00A01191 /* RequestsAdapter.swift */; };
		D33DD78223B3EE8300A01191 /* CredentialsAdapter.swift in Sources */ = {isa = PBXBuildFile; fileRef = D33DD78123B3EE8300A01191 /* CredentialsAdapter.swift */; };
		D33DD78623B3F08200A01191 /* Authentication.swift in Sources */ = {isa = PBXBuildFile; fileRef = D33DD78523B3F08200A01191 /* Authentication.swift */; };
		D33DD78A23B3F49700A01191 /* RequestsPort.swift in Sources */ = {isa = PBXBuildFile; fileRef = D33DD78923B3F49700A01191 /* RequestsPort.swift */; };
		D33DD78C23B3F64700A01191 /* CredentialsPort.swift in Sources */ = {isa = PBXBuildFile; fileRef = D33DD78B23B3F64700A01191 /* CredentialsPort.swift */; };
		D33DD78E23B3F9A100A01191 /* Injector.swift in Sources */ = {isa = PBXBuildFile; fileRef = D33DD78D23B3F9A100A01191 /* Injector.swift */; };
		D33DD79023B4173F00A01191 /* AuthenticationView.swift in Sources */ = {isa = PBXBuildFile; fileRef = D33DD78F23B4173F00A01191 /* AuthenticationView.swift */; };
		D364377623AFCD8E00C9877E /* AppDelegate.swift in Sources */ = {isa = PBXBuildFile; fileRef = D364377523AFCD8E00C9877E /* AppDelegate.swift */; };
		D364377823AFCD8E00C9877E /* SceneDelegate.swift in Sources */ = {isa = PBXBuildFile; fileRef = D364377723AFCD8E00C9877E /* SceneDelegate.swift */; };
		D364377A23AFCD8E00C9877E /* DashboardView.swift in Sources */ = {isa = PBXBuildFile; fileRef = D364377923AFCD8E00C9877E /* DashboardView.swift */; };
		D364377C23AFCD8F00C9877E /* Assets.xcassets in Resources */ = {isa = PBXBuildFile; fileRef = D364377B23AFCD8F00C9877E /* Assets.xcassets */; };
		D364377F23AFCD8F00C9877E /* Preview Assets.xcassets in Resources */ = {isa = PBXBuildFile; fileRef = D364377E23AFCD8F00C9877E /* Preview Assets.xcassets */; };
		D364378223AFCD8F00C9877E /* LaunchScreen.storyboard in Resources */ = {isa = PBXBuildFile; fileRef = D364378023AFCD8F00C9877E /* LaunchScreen.storyboard */; };
		D364379823AFD09700C9877E /* SpotifyCredentials.plist in Resources */ = {isa = PBXBuildFile; fileRef = D364379723AFD09700C9877E /* SpotifyCredentials.plist */; };
		D364379F23AFF5EA00C9877E /* AuthenticationAdapter.swift in Sources */ = {isa = PBXBuildFile; fileRef = D364379E23AFF5EA00C9877E /* AuthenticationAdapter.swift */; };
		D36437A123AFF61C00C9877E /* CodableSecureStorage.swift in Sources */ = {isa = PBXBuildFile; fileRef = D36437A023AFF61C00C9877E /* CodableSecureStorage.swift */; };
		D37699F323B52DCC00AE2706 /* SpinnnerView.swift in Sources */ = {isa = PBXBuildFile; fileRef = D37699F223B52DCC00AE2706 /* SpinnnerView.swift */; };
		D37699F523B5300900AE2706 /* WebView.swift in Sources */ = {isa = PBXBuildFile; fileRef = D37699F423B5300900AE2706 /* WebView.swift */; };
		D37699F723B5313C00AE2706 /* AuthenticationViewModel.swift in Sources */ = {isa = PBXBuildFile; fileRef = D37699F623B5313C00AE2706 /* AuthenticationViewModel.swift */; };
		D37699FA23B5346400AE2706 /* AuthenticationAssembler.swift in Sources */ = {isa = PBXBuildFile; fileRef = D37699F923B5346400AE2706 /* AuthenticationAssembler.swift */; };
/* End PBXBuildFile section */

/* Begin PBXContainerItemProxy section */
		D364378923AFCD8F00C9877E /* PBXContainerItemProxy */ = {
			isa = PBXContainerItemProxy;
			containerPortal = D364376A23AFCD8E00C9877E /* Project object */;
			proxyType = 1;
			remoteGlobalIDString = D364377123AFCD8E00C9877E;
			remoteInfo = Compotify;
		};
/* End PBXContainerItemProxy section */

/* Begin PBXFileReference section */
		D308979B23B2A25400126F50 /* CodableSecureStorageTests.swift */ = {isa = PBXFileReference; lastKnownFileType = sourcecode.swift; path = CodableSecureStorageTests.swift; sourceTree = "<group>"; };
		D32430D023B94B250049EBF0 /* CredentialsAdapterTests.swift */ = {isa = PBXFileReference; lastKnownFileType = sourcecode.swift; path = CredentialsAdapterTests.swift; sourceTree = "<group>"; };
		D32430D323B9F43E0049EBF0 /* RequestsAdapterTests.swift */ = {isa = PBXFileReference; lastKnownFileType = sourcecode.swift; path = RequestsAdapterTests.swift; sourceTree = "<group>"; };
		D32430D723B9F7160049EBF0 /* AuthenticationTests.swift */ = {isa = PBXFileReference; lastKnownFileType = sourcecode.swift; path = AuthenticationTests.swift; sourceTree = "<group>"; };
		D32430DB23B9FBF30049EBF0 /* AuthenticationViewModelTests.swift */ = {isa = PBXFileReference; lastKnownFileType = sourcecode.swift; path = AuthenticationViewModelTests.swift; sourceTree = "<group>"; };
		D32430DD23B9FDE70049EBF0 /* RequestsPortDummy.swift */ = {isa = PBXFileReference; lastKnownFileType = sourcecode.swift; path = RequestsPortDummy.swift; sourceTree = "<group>"; };
		D32430DF23B9FE050049EBF0 /* CredentialsPortDummy.swift */ = {isa = PBXFileReference; lastKnownFileType = sourcecode.swift; path = CredentialsPortDummy.swift; sourceTree = "<group>"; };
		D32430E123B9FEC80049EBF0 /* AuthenticationDummyPort.swift */ = {isa = PBXFileReference; lastKnownFileType = sourcecode.swift; path = AuthenticationDummyPort.swift; sourceTree = "<group>"; };
		D338EA4923B3EAA30071E675 /* SecureStorage.swift */ = {isa = PBXFileReference; fileEncoding = 4; lastKnownFileType = sourcecode.swift; path = SecureStorage.swift; sourceTree = "<group>"; };
		D33DD77B23B3ECF400A01191 /* AuthenticationPort.swift */ = {isa = PBXFileReference; lastKnownFileType = sourcecode.swift; path = AuthenticationPort.swift; sourceTree = "<group>"; };
		D33DD77D23B3EDCB00A01191 /* RequestsAdapter.swift */ = {isa = PBXFileReference; lastKnownFileType = sourcecode.swift; path = RequestsAdapter.swift; sourceTree = "<group>"; };
		D33DD78123B3EE8300A01191 /* CredentialsAdapter.swift */ = {isa = PBXFileReference; lastKnownFileType = sourcecode.swift; path = CredentialsAdapter.swift; sourceTree = "<group>"; };
		D33DD78523B3F08200A01191 /* Authentication.swift */ = {isa = PBXFileReference; lastKnownFileType = sourcecode.swift; path = Authentication.swift; sourceTree = "<group>"; };
		D33DD78923B3F49700A01191 /* RequestsPort.swift */ = {isa = PBXFileReference; lastKnownFileType = sourcecode.swift; path = RequestsPort.swift; sourceTree = "<group>"; };
		D33DD78B23B3F64700A01191 /* CredentialsPort.swift */ = {isa = PBXFileReference; lastKnownFileType = sourcecode.swift; path = CredentialsPort.swift; sourceTree = "<group>"; };
		D33DD78D23B3F9A100A01191 /* Injector.swift */ = {isa = PBXFileReference; lastKnownFileType = sourcecode.swift; path = Injector.swift; sourceTree = "<group>"; };
		D33DD78F23B4173F00A01191 /* AuthenticationView.swift */ = {isa = PBXFileReference; lastKnownFileType = sourcecode.swift; path = AuthenticationView.swift; sourceTree = "<group>"; };
		D364377223AFCD8E00C9877E /* Compotify.app */ = {isa = PBXFileReference; explicitFileType = wrapper.application; includeInIndex = 0; path = Compotify.app; sourceTree = BUILT_PRODUCTS_DIR; };
		D364377523AFCD8E00C9877E /* AppDelegate.swift */ = {isa = PBXFileReference; lastKnownFileType = sourcecode.swift; path = AppDelegate.swift; sourceTree = "<group>"; };
		D364377723AFCD8E00C9877E /* SceneDelegate.swift */ = {isa = PBXFileReference; lastKnownFileType = sourcecode.swift; path = SceneDelegate.swift; sourceTree = "<group>"; };
		D364377923AFCD8E00C9877E /* DashboardView.swift */ = {isa = PBXFileReference; lastKnownFileType = sourcecode.swift; path = DashboardView.swift; sourceTree = "<group>"; };
		D364377B23AFCD8F00C9877E /* Assets.xcassets */ = {isa = PBXFileReference; lastKnownFileType = folder.assetcatalog; path = Assets.xcassets; sourceTree = "<group>"; };
		D364377E23AFCD8F00C9877E /* Preview Assets.xcassets */ = {isa = PBXFileReference; lastKnownFileType = folder.assetcatalog; path = "Preview Assets.xcassets"; sourceTree = "<group>"; };
		D364378123AFCD8F00C9877E /* Base */ = {isa = PBXFileReference; lastKnownFileType = file.storyboard; name = Base; path = Base.lproj/LaunchScreen.storyboard; sourceTree = "<group>"; };
		D364378323AFCD8F00C9877E /* Info.plist */ = {isa = PBXFileReference; lastKnownFileType = text.plist.xml; path = Info.plist; sourceTree = "<group>"; };
		D364378823AFCD8F00C9877E /* CompotifyTests.xctest */ = {isa = PBXFileReference; explicitFileType = wrapper.cfbundle; includeInIndex = 0; path = CompotifyTests.xctest; sourceTree = BUILT_PRODUCTS_DIR; };
		D364378E23AFCD8F00C9877E /* Info.plist */ = {isa = PBXFileReference; lastKnownFileType = text.plist.xml; path = Info.plist; sourceTree = "<group>"; };
		D364379723AFD09700C9877E /* SpotifyCredentials.plist */ = {isa = PBXFileReference; lastKnownFileType = text.plist.xml; path = SpotifyCredentials.plist; sourceTree = "<group>"; };
		D364379E23AFF5EA00C9877E /* AuthenticationAdapter.swift */ = {isa = PBXFileReference; fileEncoding = 4; lastKnownFileType = sourcecode.swift; path = AuthenticationAdapter.swift; sourceTree = "<group>"; };
		D36437A023AFF61C00C9877E /* CodableSecureStorage.swift */ = {isa = PBXFileReference; fileEncoding = 4; lastKnownFileType = sourcecode.swift; path = CodableSecureStorage.swift; sourceTree = "<group>"; };
		D37699F223B52DCC00AE2706 /* SpinnnerView.swift */ = {isa = PBXFileReference; lastKnownFileType = sourcecode.swift; path = SpinnnerView.swift; sourceTree = "<group>"; };
		D37699F423B5300900AE2706 /* WebView.swift */ = {isa = PBXFileReference; lastKnownFileType = sourcecode.swift; path = WebView.swift; sourceTree = "<group>"; };
		D37699F623B5313C00AE2706 /* AuthenticationViewModel.swift */ = {isa = PBXFileReference; lastKnownFileType = sourcecode.swift; path = AuthenticationViewModel.swift; sourceTree = "<group>"; };
		D37699F923B5346400AE2706 /* AuthenticationAssembler.swift */ = {isa = PBXFileReference; lastKnownFileType = sourcecode.swift; path = AuthenticationAssembler.swift; sourceTree = "<group>"; };
/* End PBXFileReference section */

/* Begin PBXFrameworksBuildPhase section */
		D364376F23AFCD8E00C9877E /* Frameworks */ = {
			isa = PBXFrameworksBuildPhase;
			buildActionMask = 2147483647;
			files = (
			);
			runOnlyForDeploymentPostprocessing = 0;
		};
		D364378523AFCD8F00C9877E /* Frameworks */ = {
			isa = PBXFrameworksBuildPhase;
			buildActionMask = 2147483647;
			files = (
			);
			runOnlyForDeploymentPostprocessing = 0;
		};
/* End PBXFrameworksBuildPhase section */

/* Begin PBXGroup section */
		D32430D223B9F4320049EBF0 /* Network */ = {
			isa = PBXGroup;
			children = (
				D32430D323B9F43E0049EBF0 /* RequestsAdapterTests.swift */,
			);
			path = Network;
			sourceTree = "<group>";
		};
		D32430D523B9F6BD0049EBF0 /* Core */ = {
			isa = PBXGroup;
			children = (
				D32430D623B9F6C60049EBF0 /* Authentication */,
			);
			path = Core;
			sourceTree = "<group>";
		};
		D32430D623B9F6C60049EBF0 /* Authentication */ = {
			isa = PBXGroup;
			children = (
				D32430D723B9F7160049EBF0 /* AuthenticationTests.swift */,
				D32430DD23B9FDE70049EBF0 /* RequestsPortDummy.swift */,
				D32430DF23B9FE050049EBF0 /* CredentialsPortDummy.swift */,
				D32430E123B9FEC80049EBF0 /* AuthenticationDummyPort.swift */,
			);
			path = Authentication;
			sourceTree = "<group>";
		};
		D32430D923B9FBDE0049EBF0 /* UserInterface */ = {
			isa = PBXGroup;
			children = (
				D32430DA23B9FBE30049EBF0 /* Authentication */,
			);
			path = UserInterface;
			sourceTree = "<group>";
		};
		D32430DA23B9FBE30049EBF0 /* Authentication */ = {
			isa = PBXGroup;
			children = (
				D32430DB23B9FBF30049EBF0 /* AuthenticationViewModelTests.swift */,
			);
			path = Authentication;
			sourceTree = "<group>";
		};
		D32B040E23B7E40500BF4EFE /* Dashboard */ = {
			isa = PBXGroup;
			children = (
				D364377923AFCD8E00C9877E /* DashboardView.swift */,
			);
			path = Dashboard;
			sourceTree = "<group>";
		};
		D338EA4523B39A390071E675 /* Resources */ = {
			isa = PBXGroup;
			children = (
				D364377D23AFCD8F00C9877E /* Preview Content */,
				D364377B23AFCD8F00C9877E /* Assets.xcassets */,
				D364378023AFCD8F00C9877E /* LaunchScreen.storyboard */,
				D364378323AFCD8F00C9877E /* Info.plist */,
			);
			path = Resources;
			sourceTree = "<group>";
		};
		D338EA4B23B3EAB40071E675 /* Core */ = {
			isa = PBXGroup;
			children = (
				D33DD79323B418C100A01191 /* Ports */,
				D338EA4F23B3EB880071E675 /* Dashboard */,
				D338EA4E23B3EB7B0071E675 /* Authentication */,
				D33DD78D23B3F9A100A01191 /* Injector.swift */,
			);
			path = Core;
			sourceTree = "<group>";
		};
		D338EA4C23B3EB4C0071E675 /* Adapters */ = {
			isa = PBXGroup;
			children = (
				D33DD77F23B3EE7100A01191 /* Storage */,
				D338EA5123B3EBA30071E675 /* iOS */,
				D338EA5023B3EB950071E675 /* Network */,
				D338EA4D23B3EB630071E675 /* UserInterface */,
			);
			path = Adapters;
			sourceTree = "<group>";
		};
		D338EA4D23B3EB630071E675 /* UserInterface */ = {
			isa = PBXGroup;
			children = (
				D32B040E23B7E40500BF4EFE /* Dashboard */,
				D37699F823B5344E00AE2706 /* Authentication */,
				D37699F223B52DCC00AE2706 /* SpinnnerView.swift */,
			);
			path = UserInterface;
			sourceTree = "<group>";
		};
		D338EA4E23B3EB7B0071E675 /* Authentication */ = {
			isa = PBXGroup;
			children = (
				D33DD78523B3F08200A01191 /* Authentication.swift */,
				D33DD77B23B3ECF400A01191 /* AuthenticationPort.swift */,
				D33DD78B23B3F64700A01191 /* CredentialsPort.swift */,
			);
			path = Authentication;
			sourceTree = "<group>";
		};
		D338EA4F23B3EB880071E675 /* Dashboard */ = {
			isa = PBXGroup;
			children = (
			);
			path = Dashboard;
			sourceTree = "<group>";
		};
		D338EA5023B3EB950071E675 /* Network */ = {
			isa = PBXGroup;
			children = (
				D33DD77D23B3EDCB00A01191 /* RequestsAdapter.swift */,
			);
			path = Network;
			sourceTree = "<group>";
		};
		D338EA5123B3EBA30071E675 /* iOS */ = {
			isa = PBXGroup;
			children = (
				D364377523AFCD8E00C9877E /* AppDelegate.swift */,
				D364377723AFCD8E00C9877E /* SceneDelegate.swift */,
			);
			path = iOS;
			sourceTree = "<group>";
		};
		D338EA5223B3EBF20071E675 /* Adapters */ = {
			isa = PBXGroup;
			children = (
				D32430D223B9F4320049EBF0 /* Network */,
				D33DD78323B3EEA300A01191 /* Storage */,
				D32430D923B9FBDE0049EBF0 /* UserInterface */,
			);
			path = Adapters;
			sourceTree = "<group>";
		};
		D338EA5323B3EC080071E675 /* SecureStorage */ = {
			isa = PBXGroup;
			children = (
				D308979B23B2A25400126F50 /* CodableSecureStorageTests.swift */,
			);
			path = SecureStorage;
			sourceTree = "<group>";
		};
		D33DD77F23B3EE7100A01191 /* Storage */ = {
			isa = PBXGroup;
			children = (
				D33DD78023B3EE7A00A01191 /* Credentials */,
				D364379923AFD12B00C9877E /* SecureStorage */,
			);
			path = Storage;
			sourceTree = "<group>";
		};
		D33DD78023B3EE7A00A01191 /* Credentials */ = {
			isa = PBXGroup;
			children = (
				D33DD78123B3EE8300A01191 /* CredentialsAdapter.swift */,
			);
			path = Credentials;
			sourceTree = "<group>";
		};
		D33DD78323B3EEA300A01191 /* Storage */ = {
			isa = PBXGroup;
			children = (
				D33DD78423B3EEAB00A01191 /* Credentials */,
				D338EA5323B3EC080071E675 /* SecureStorage */,
			);
			path = Storage;
			sourceTree = "<group>";
		};
		D33DD78423B3EEAB00A01191 /* Credentials */ = {
			isa = PBXGroup;
			children = (
				D32430D023B94B250049EBF0 /* CredentialsAdapterTests.swift */,
			);
			path = Credentials;
			sourceTree = "<group>";
		};
		D33DD79323B418C100A01191 /* Ports */ = {
			isa = PBXGroup;
			children = (
				D33DD78923B3F49700A01191 /* RequestsPort.swift */,
			);
			path = Ports;
			sourceTree = "<group>";
		};
		D364376923AFCD8E00C9877E = {
			isa = PBXGroup;
			children = (
				D364377423AFCD8E00C9877E /* Compotify */,
				D364378B23AFCD8F00C9877E /* CompotifyTests */,
				D364377323AFCD8E00C9877E /* Products */,
			);
			sourceTree = "<group>";
		};
		D364377323AFCD8E00C9877E /* Products */ = {
			isa = PBXGroup;
			children = (
				D364377223AFCD8E00C9877E /* Compotify.app */,
				D364378823AFCD8F00C9877E /* CompotifyTests.xctest */,
			);
			name = Products;
			sourceTree = "<group>";
		};
		D364377423AFCD8E00C9877E /* Compotify */ = {
			isa = PBXGroup;
			children = (
				D338EA4C23B3EB4C0071E675 /* Adapters */,
				D338EA4B23B3EAB40071E675 /* Core */,
				D338EA4523B39A390071E675 /* Resources */,
				D364379723AFD09700C9877E /* SpotifyCredentials.plist */,
			);
			path = Compotify;
			sourceTree = "<group>";
		};
		D364377D23AFCD8F00C9877E /* Preview Content */ = {
			isa = PBXGroup;
			children = (
				D364377E23AFCD8F00C9877E /* Preview Assets.xcassets */,
			);
			path = "Preview Content";
			sourceTree = "<group>";
		};
		D364378B23AFCD8F00C9877E /* CompotifyTests */ = {
			isa = PBXGroup;
			children = (
				D338EA5223B3EBF20071E675 /* Adapters */,
				D32430D523B9F6BD0049EBF0 /* Core */,
				D364378E23AFCD8F00C9877E /* Info.plist */,
			);
			path = CompotifyTests;
			sourceTree = "<group>";
		};
		D364379923AFD12B00C9877E /* SecureStorage */ = {
			isa = PBXGroup;
			children = (
				D36437A023AFF61C00C9877E /* CodableSecureStorage.swift */,
				D338EA4923B3EAA30071E675 /* SecureStorage.swift */,
				D364379E23AFF5EA00C9877E /* AuthenticationAdapter.swift */,
			);
			path = SecureStorage;
			sourceTree = "<group>";
		};
		D37699F823B5344E00AE2706 /* Authentication */ = {
			isa = PBXGroup;
			children = (
				D33DD78F23B4173F00A01191 /* AuthenticationView.swift */,
				D37699F623B5313C00AE2706 /* AuthenticationViewModel.swift */,
				D37699F923B5346400AE2706 /* AuthenticationAssembler.swift */,
				D37699F423B5300900AE2706 /* WebView.swift */,
			);
			path = Authentication;
			sourceTree = "<group>";
		};
/* End PBXGroup section */

/* Begin PBXNativeTarget section */
		D364377123AFCD8E00C9877E /* Compotify */ = {
			isa = PBXNativeTarget;
			buildConfigurationList = D364379123AFCD8F00C9877E /* Build configuration list for PBXNativeTarget "Compotify" */;
			buildPhases = (
				D364376E23AFCD8E00C9877E /* Sources */,
				D364376F23AFCD8E00C9877E /* Frameworks */,
				D364377023AFCD8E00C9877E /* Resources */,
			);
			buildRules = (
			);
			dependencies = (
			);
			name = Compotify;
			productName = Compotify;
			productReference = D364377223AFCD8E00C9877E /* Compotify.app */;
			productType = "com.apple.product-type.application";
		};
		D364378723AFCD8F00C9877E /* CompotifyTests */ = {
			isa = PBXNativeTarget;
			buildConfigurationList = D364379423AFCD8F00C9877E /* Build configuration list for PBXNativeTarget "CompotifyTests" */;
			buildPhases = (
				D364378423AFCD8F00C9877E /* Sources */,
				D364378523AFCD8F00C9877E /* Frameworks */,
				D364378623AFCD8F00C9877E /* Resources */,
			);
			buildRules = (
			);
			dependencies = (
				D364378A23AFCD8F00C9877E /* PBXTargetDependency */,
			);
			name = CompotifyTests;
			productName = CompotifyTests;
			productReference = D364378823AFCD8F00C9877E /* CompotifyTests.xctest */;
			productType = "com.apple.product-type.bundle.unit-test";
		};
/* End PBXNativeTarget section */

/* Begin PBXProject section */
		D364376A23AFCD8E00C9877E /* Project object */ = {
			isa = PBXProject;
			attributes = {
				LastSwiftUpdateCheck = 1110;
				LastUpgradeCheck = 1110;
				ORGANIZATIONNAME = com.github.albertopeam;
				TargetAttributes = {
					D364377123AFCD8E00C9877E = {
						CreatedOnToolsVersion = 11.1;
					};
					D364378723AFCD8F00C9877E = {
						CreatedOnToolsVersion = 11.1;
						LastSwiftMigration = 1110;
						TestTargetID = D364377123AFCD8E00C9877E;
					};
				};
			};
			buildConfigurationList = D364376D23AFCD8E00C9877E /* Build configuration list for PBXProject "Compotify" */;
			compatibilityVersion = "Xcode 9.3";
			developmentRegion = en;
			hasScannedForEncodings = 0;
			knownRegions = (
				en,
				Base,
			);
			mainGroup = D364376923AFCD8E00C9877E;
			productRefGroup = D364377323AFCD8E00C9877E /* Products */;
			projectDirPath = "";
			projectRoot = "";
			targets = (
				D364377123AFCD8E00C9877E /* Compotify */,
				D364378723AFCD8F00C9877E /* CompotifyTests */,
			);
		};
/* End PBXProject section */

/* Begin PBXResourcesBuildPhase section */
		D364377023AFCD8E00C9877E /* Resources */ = {
			isa = PBXResourcesBuildPhase;
			buildActionMask = 2147483647;
			files = (
				D364378223AFCD8F00C9877E /* LaunchScreen.storyboard in Resources */,
				D364377F23AFCD8F00C9877E /* Preview Assets.xcassets in Resources */,
				D364379823AFD09700C9877E /* SpotifyCredentials.plist in Resources */,
				D364377C23AFCD8F00C9877E /* Assets.xcassets in Resources */,
			);
			runOnlyForDeploymentPostprocessing = 0;
		};
		D364378623AFCD8F00C9877E /* Resources */ = {
			isa = PBXResourcesBuildPhase;
			buildActionMask = 2147483647;
			files = (
			);
			runOnlyForDeploymentPostprocessing = 0;
		};
/* End PBXResourcesBuildPhase section */

/* Begin PBXSourcesBuildPhase section */
		D364376E23AFCD8E00C9877E /* Sources */ = {
			isa = PBXSourcesBuildPhase;
			buildActionMask = 2147483647;
			files = (
				D33DD77C23B3ECF400A01191 /* AuthenticationPort.swift in Sources */,
				D338EA4A23B3EAA30071E675 /* SecureStorage.swift in Sources */,
				D37699FA23B5346400AE2706 /* AuthenticationAssembler.swift in Sources */,
				D33DD77E23B3EDCB00A01191 /* RequestsAdapter.swift in Sources */,
				D33DD78C23B3F64700A01191 /* CredentialsPort.swift in Sources */,
				D37699F323B52DCC00AE2706 /* SpinnnerView.swift in Sources */,
				D37699F723B5313C00AE2706 /* AuthenticationViewModel.swift in Sources */,
				D33DD78E23B3F9A100A01191 /* Injector.swift in Sources */,
				D33DD78623B3F08200A01191 /* Authentication.swift in Sources */,
				D33DD78223B3EE8300A01191 /* CredentialsAdapter.swift in Sources */,
				D33DD78A23B3F49700A01191 /* RequestsPort.swift in Sources */,
				D36437A123AFF61C00C9877E /* CodableSecureStorage.swift in Sources */,
				D37699F523B5300900AE2706 /* WebView.swift in Sources */,
				D364379F23AFF5EA00C9877E /* AuthenticationAdapter.swift in Sources */,
				D33DD79023B4173F00A01191 /* AuthenticationView.swift in Sources */,
				D364377623AFCD8E00C9877E /* AppDelegate.swift in Sources */,
				D364377823AFCD8E00C9877E /* SceneDelegate.swift in Sources */,
				D364377A23AFCD8E00C9877E /* DashboardView.swift in Sources */,
			);
			runOnlyForDeploymentPostprocessing = 0;
		};
		D364378423AFCD8F00C9877E /* Sources */ = {
			isa = PBXSourcesBuildPhase;
			buildActionMask = 2147483647;
			files = (
				D32430D423B9F43E0049EBF0 /* RequestsAdapterTests.swift in Sources */,
				D32430E223B9FEC80049EBF0 /* AuthenticationDummyPort.swift in Sources */,
				D32430D123B94B250049EBF0 /* CredentialsAdapterTests.swift in Sources */,
				D308979C23B2A25400126F50 /* CodableSecureStorageTests.swift in Sources */,
				D32430DE23B9FDE70049EBF0 /* RequestsPortDummy.swift in Sources */,
				D32430D823B9F7160049EBF0 /* AuthenticationTests.swift in Sources */,
				D32430E023B9FE050049EBF0 /* CredentialsPortDummy.swift in Sources */,
				D32430DC23B9FBF30049EBF0 /* AuthenticationViewModelTests.swift in Sources */,
			);
			runOnlyForDeploymentPostprocessing = 0;
		};
/* End PBXSourcesBuildPhase section */

/* Begin PBXTargetDependency section */
		D364378A23AFCD8F00C9877E /* PBXTargetDependency */ = {
			isa = PBXTargetDependency;
			target = D364377123AFCD8E00C9877E /* Compotify */;
			targetProxy = D364378923AFCD8F00C9877E /* PBXContainerItemProxy */;
		};
/* End PBXTargetDependency section */

/* Begin PBXVariantGroup section */
		D364378023AFCD8F00C9877E /* LaunchScreen.storyboard */ = {
			isa = PBXVariantGroup;
			children = (
				D364378123AFCD8F00C9877E /* Base */,
			);
			name = LaunchScreen.storyboard;
			sourceTree = "<group>";
		};
/* End PBXVariantGroup section */

/* Begin XCBuildConfiguration section */
		D364378F23AFCD8F00C9877E /* Debug */ = {
			isa = XCBuildConfiguration;
			buildSettings = {
				ALWAYS_SEARCH_USER_PATHS = NO;
				CLANG_ANALYZER_NONNULL = YES;
				CLANG_ANALYZER_NUMBER_OBJECT_CONVERSION = YES_AGGRESSIVE;
				CLANG_CXX_LANGUAGE_STANDARD = "gnu++14";
				CLANG_CXX_LIBRARY = "libc++";
				CLANG_ENABLE_MODULES = YES;
				CLANG_ENABLE_OBJC_ARC = YES;
				CLANG_ENABLE_OBJC_WEAK = YES;
				CLANG_WARN_BLOCK_CAPTURE_AUTORELEASING = YES;
				CLANG_WARN_BOOL_CONVERSION = YES;
				CLANG_WARN_COMMA = YES;
				CLANG_WARN_CONSTANT_CONVERSION = YES;
				CLANG_WARN_DEPRECATED_OBJC_IMPLEMENTATIONS = YES;
				CLANG_WARN_DIRECT_OBJC_ISA_USAGE = YES_ERROR;
				CLANG_WARN_DOCUMENTATION_COMMENTS = YES;
				CLANG_WARN_EMPTY_BODY = YES;
				CLANG_WARN_ENUM_CONVERSION = YES;
				CLANG_WARN_INFINITE_RECURSION = YES;
				CLANG_WARN_INT_CONVERSION = YES;
				CLANG_WARN_NON_LITERAL_NULL_CONVERSION = YES;
				CLANG_WARN_OBJC_IMPLICIT_RETAIN_SELF = YES;
				CLANG_WARN_OBJC_LITERAL_CONVERSION = YES;
				CLANG_WARN_OBJC_ROOT_CLASS = YES_ERROR;
				CLANG_WARN_RANGE_LOOP_ANALYSIS = YES;
				CLANG_WARN_STRICT_PROTOTYPES = YES;
				CLANG_WARN_SUSPICIOUS_MOVE = YES;
				CLANG_WARN_UNGUARDED_AVAILABILITY = YES_AGGRESSIVE;
				CLANG_WARN_UNREACHABLE_CODE = YES;
				CLANG_WARN__DUPLICATE_METHOD_MATCH = YES;
				COPY_PHASE_STRIP = NO;
				DEBUG_INFORMATION_FORMAT = dwarf;
				ENABLE_STRICT_OBJC_MSGSEND = YES;
				ENABLE_TESTABILITY = YES;
				GCC_C_LANGUAGE_STANDARD = gnu11;
				GCC_DYNAMIC_NO_PIC = NO;
				GCC_NO_COMMON_BLOCKS = YES;
				GCC_OPTIMIZATION_LEVEL = 0;
				GCC_PREPROCESSOR_DEFINITIONS = (
					"DEBUG=1",
					"$(inherited)",
				);
				GCC_WARN_64_TO_32_BIT_CONVERSION = YES;
				GCC_WARN_ABOUT_RETURN_TYPE = YES_ERROR;
				GCC_WARN_UNDECLARED_SELECTOR = YES;
				GCC_WARN_UNINITIALIZED_AUTOS = YES_AGGRESSIVE;
				GCC_WARN_UNUSED_FUNCTION = YES;
				GCC_WARN_UNUSED_VARIABLE = YES;
				IPHONEOS_DEPLOYMENT_TARGET = 13.1;
				MTL_ENABLE_DEBUG_INFO = INCLUDE_SOURCE;
				MTL_FAST_MATH = YES;
				ONLY_ACTIVE_ARCH = YES;
				SDKROOT = iphoneos;
				SWIFT_ACTIVE_COMPILATION_CONDITIONS = DEBUG;
				SWIFT_OPTIMIZATION_LEVEL = "-Onone";
			};
			name = Debug;
		};
		D364379023AFCD8F00C9877E /* Release */ = {
			isa = XCBuildConfiguration;
			buildSettings = {
				ALWAYS_SEARCH_USER_PATHS = NO;
				CLANG_ANALYZER_NONNULL = YES;
				CLANG_ANALYZER_NUMBER_OBJECT_CONVERSION = YES_AGGRESSIVE;
				CLANG_CXX_LANGUAGE_STANDARD = "gnu++14";
				CLANG_CXX_LIBRARY = "libc++";
				CLANG_ENABLE_MODULES = YES;
				CLANG_ENABLE_OBJC_ARC = YES;
				CLANG_ENABLE_OBJC_WEAK = YES;
				CLANG_WARN_BLOCK_CAPTURE_AUTORELEASING = YES;
				CLANG_WARN_BOOL_CONVERSION = YES;
				CLANG_WARN_COMMA = YES;
				CLANG_WARN_CONSTANT_CONVERSION = YES;
				CLANG_WARN_DEPRECATED_OBJC_IMPLEMENTATIONS = YES;
				CLANG_WARN_DIRECT_OBJC_ISA_USAGE = YES_ERROR;
				CLANG_WARN_DOCUMENTATION_COMMENTS = YES;
				CLANG_WARN_EMPTY_BODY = YES;
				CLANG_WARN_ENUM_CONVERSION = YES;
				CLANG_WARN_INFINITE_RECURSION = YES;
				CLANG_WARN_INT_CONVERSION = YES;
				CLANG_WARN_NON_LITERAL_NULL_CONVERSION = YES;
				CLANG_WARN_OBJC_IMPLICIT_RETAIN_SELF = YES;
				CLANG_WARN_OBJC_LITERAL_CONVERSION = YES;
				CLANG_WARN_OBJC_ROOT_CLASS = YES_ERROR;
				CLANG_WARN_RANGE_LOOP_ANALYSIS = YES;
				CLANG_WARN_STRICT_PROTOTYPES = YES;
				CLANG_WARN_SUSPICIOUS_MOVE = YES;
				CLANG_WARN_UNGUARDED_AVAILABILITY = YES_AGGRESSIVE;
				CLANG_WARN_UNREACHABLE_CODE = YES;
				CLANG_WARN__DUPLICATE_METHOD_MATCH = YES;
				COPY_PHASE_STRIP = NO;
				DEBUG_INFORMATION_FORMAT = "dwarf-with-dsym";
				ENABLE_NS_ASSERTIONS = NO;
				ENABLE_STRICT_OBJC_MSGSEND = YES;
				GCC_C_LANGUAGE_STANDARD = gnu11;
				GCC_NO_COMMON_BLOCKS = YES;
				GCC_WARN_64_TO_32_BIT_CONVERSION = YES;
				GCC_WARN_ABOUT_RETURN_TYPE = YES_ERROR;
				GCC_WARN_UNDECLARED_SELECTOR = YES;
				GCC_WARN_UNINITIALIZED_AUTOS = YES_AGGRESSIVE;
				GCC_WARN_UNUSED_FUNCTION = YES;
				GCC_WARN_UNUSED_VARIABLE = YES;
				IPHONEOS_DEPLOYMENT_TARGET = 13.1;
				MTL_ENABLE_DEBUG_INFO = NO;
				MTL_FAST_MATH = YES;
				SDKROOT = iphoneos;
				SWIFT_COMPILATION_MODE = wholemodule;
				SWIFT_OPTIMIZATION_LEVEL = "-O";
				VALIDATE_PRODUCT = YES;
			};
			name = Release;
		};
		D364379223AFCD8F00C9877E /* Debug */ = {
			isa = XCBuildConfiguration;
			buildSettings = {
				ASSETCATALOG_COMPILER_APPICON_NAME = AppIcon;
				CODE_SIGN_STYLE = Automatic;
				DEVELOPMENT_ASSET_PATHS = "\"Compotify/Resources/Preview Content\"";
				ENABLE_PREVIEWS = YES;
				INFOPLIST_FILE = Compotify/Resources/Info.plist;
				LD_RUNPATH_SEARCH_PATHS = (
					"$(inherited)",
					"@executable_path/Frameworks",
				);
				PRODUCT_BUNDLE_IDENTIFIER = com.github.albertopeam.Compotify;
				PRODUCT_NAME = "$(TARGET_NAME)";
				SWIFT_VERSION = 5.0;
				TARGETED_DEVICE_FAMILY = "1,2";
			};
			name = Debug;
		};
		D364379323AFCD8F00C9877E /* Release */ = {
			isa = XCBuildConfiguration;
			buildSettings = {
				ASSETCATALOG_COMPILER_APPICON_NAME = AppIcon;
				CODE_SIGN_STYLE = Automatic;
				DEVELOPMENT_ASSET_PATHS = "\"Compotify/Resources/Preview Content\"";
				ENABLE_PREVIEWS = YES;
				INFOPLIST_FILE = Compotify/Resources/Info.plist;
				LD_RUNPATH_SEARCH_PATHS = (
					"$(inherited)",
					"@executable_path/Frameworks",
				);
				PRODUCT_BUNDLE_IDENTIFIER = com.github.albertopeam.Compotify;
				PRODUCT_NAME = "$(TARGET_NAME)";
				SWIFT_VERSION = 5.0;
				TARGETED_DEVICE_FAMILY = "1,2";
			};
			name = Release;
		};
		D364379523AFCD8F00C9877E /* Debug */ = {
			isa = XCBuildConfiguration;
			buildSettings = {
				ALWAYS_EMBED_SWIFT_STANDARD_LIBRARIES = YES;
				BUNDLE_LOADER = "$(TEST_HOST)";
				CLANG_ENABLE_MODULES = YES;
				CODE_SIGN_STYLE = Automatic;
				INFOPLIST_FILE = CompotifyTests/Info.plist;
				IPHONEOS_DEPLOYMENT_TARGET = 13.1;
				LD_RUNPATH_SEARCH_PATHS = (
					"$(inherited)",
					"@executable_path/Frameworks",
					"@loader_path/Frameworks",
				);
				PRODUCT_BUNDLE_IDENTIFIER = com.github.albertopeam.CompotifyTests;
				PRODUCT_NAME = "$(TARGET_NAME)";
				SWIFT_OPTIMIZATION_LEVEL = "-Onone";
				SWIFT_VERSION = 5.0;
				TARGETED_DEVICE_FAMILY = "1,2";
				TEST_HOST = "$(BUILT_PRODUCTS_DIR)/Compotify.app/Compotify";
			};
			name = Debug;
		};
		D364379623AFCD8F00C9877E /* Release */ = {
			isa = XCBuildConfiguration;
			buildSettings = {
				ALWAYS_EMBED_SWIFT_STANDARD_LIBRARIES = YES;
				BUNDLE_LOADER = "$(TEST_HOST)";
				CLANG_ENABLE_MODULES = YES;
				CODE_SIGN_STYLE = Automatic;
				INFOPLIST_FILE = CompotifyTests/Info.plist;
				IPHONEOS_DEPLOYMENT_TARGET = 13.1;
				LD_RUNPATH_SEARCH_PATHS = (
					"$(inherited)",
					"@executable_path/Frameworks",
					"@loader_path/Frameworks",
				);
				PRODUCT_BUNDLE_IDENTIFIER = com.github.albertopeam.CompotifyTests;
				PRODUCT_NAME = "$(TARGET_NAME)";
				SWIFT_VERSION = 5.0;
				TARGETED_DEVICE_FAMILY = "1,2";
				TEST_HOST = "$(BUILT_PRODUCTS_DIR)/Compotify.app/Compotify";
			};
			name = Release;
		};
/* End XCBuildConfiguration section */

/* Begin XCConfigurationList section */
		D364376D23AFCD8E00C9877E /* Build configuration list for PBXProject "Compotify" */ = {
			isa = XCConfigurationList;
			buildConfigurations = (
				D364378F23AFCD8F00C9877E /* Debug */,
				D364379023AFCD8F00C9877E /* Release */,
			);
			defaultConfigurationIsVisible = 0;
			defaultConfigurationName = Release;
		};
		D364379123AFCD8F00C9877E /* Build configuration list for PBXNativeTarget "Compotify" */ = {
			isa = XCConfigurationList;
			buildConfigurations = (
				D364379223AFCD8F00C9877E /* Debug */,
				D364379323AFCD8F00C9877E /* Release */,
			);
			defaultConfigurationIsVisible = 0;
			defaultConfigurationName = Release;
		};
		D364379423AFCD8F00C9877E /* Build configuration list for PBXNativeTarget "CompotifyTests" */ = {
			isa = XCConfigurationList;
			buildConfigurations = (
				D364379523AFCD8F00C9877E /* Debug */,
				D364379623AFCD8F00C9877E /* Release */,
			);
			defaultConfigurationIsVisible = 0;
			defaultConfigurationName = Release;
		};
/* End XCConfigurationList section */
	};
	rootObject = D364376A23AFCD8E00C9877E /* Project object */;
}
